// !$*UTF8*$!
{
	archiveVersion = 1;
	classes = {
	};
	objectVersion = 56;
	objects = {

/* Begin PBXBuildFile section */
		283693F72BA1C78A001D417E /* AppDelegate.swift in Sources */ = {isa = PBXBuildFile; fileRef = 283693F62BA1C78A001D417E /* AppDelegate.swift */; };
		283693F92BA1C78A001D417E /* SceneDelegate.swift in Sources */ = {isa = PBXBuildFile; fileRef = 283693F82BA1C78A001D417E /* SceneDelegate.swift */; };
		283693FB2BA1C78A001D417E /* ViewController.swift in Sources */ = {isa = PBXBuildFile; fileRef = 283693FA2BA1C78A001D417E /* ViewController.swift */; };
		283693FE2BA1C78A001D417E /* Main.storyboard in Resources */ = {isa = PBXBuildFile; fileRef = 283693FC2BA1C78A001D417E /* Main.storyboard */; };
		283694002BA1C78D001D417E /* Assets.xcassets in Resources */ = {isa = PBXBuildFile; fileRef = 283693FF2BA1C78D001D417E /* Assets.xcassets */; };
		283694032BA1C78D001D417E /* LaunchScreen.storyboard in Resources */ = {isa = PBXBuildFile; fileRef = 283694012BA1C78D001D417E /* LaunchScreen.storyboard */; };
		283694132BA1CE9E001D417E /* LoginViewController.swift in Sources */ = {isa = PBXBuildFile; fileRef = 283694122BA1CE9E001D417E /* LoginViewController.swift */; };
		283694152BA1D017001D417E /* RegisterViewController.swift in Sources */ = {isa = PBXBuildFile; fileRef = 283694142BA1D017001D417E /* RegisterViewController.swift */; };
		283694182BA2A341001D417E /* Views.swift in Sources */ = {isa = PBXBuildFile; fileRef = 283694172BA2A341001D417E /* Views.swift */; };
		2836941A2BA2B815001D417E /* Buttons.swift in Sources */ = {isa = PBXBuildFile; fileRef = 283694192BA2B815001D417E /* Buttons.swift */; };
		2836941C2BA2C0C8001D417E /* LoginViewModel.swift in Sources */ = {isa = PBXBuildFile; fileRef = 2836941B2BA2C0C8001D417E /* LoginViewModel.swift */; };
/* End PBXBuildFile section */

/* Begin PBXFileReference section */
		283693F32BA1C78A001D417E /* RelayMessenger.app */ = {isa = PBXFileReference; explicitFileType = wrapper.application; includeInIndex = 0; path = RelayMessenger.app; sourceTree = BUILT_PRODUCTS_DIR; };
		283693F62BA1C78A001D417E /* AppDelegate.swift */ = {isa = PBXFileReference; lastKnownFileType = sourcecode.swift; path = AppDelegate.swift; sourceTree = "<group>"; };
		283693F82BA1C78A001D417E /* SceneDelegate.swift */ = {isa = PBXFileReference; lastKnownFileType = sourcecode.swift; path = SceneDelegate.swift; sourceTree = "<group>"; };
		283693FA2BA1C78A001D417E /* ViewController.swift */ = {isa = PBXFileReference; lastKnownFileType = sourcecode.swift; path = ViewController.swift; sourceTree = "<group>"; };
		283693FD2BA1C78A001D417E /* Base */ = {isa = PBXFileReference; lastKnownFileType = file.storyboard; name = Base; path = Base.lproj/Main.storyboard; sourceTree = "<group>"; };
		283693FF2BA1C78D001D417E /* Assets.xcassets */ = {isa = PBXFileReference; lastKnownFileType = folder.assetcatalog; path = Assets.xcassets; sourceTree = "<group>"; };
		283694022BA1C78D001D417E /* Base */ = {isa = PBXFileReference; lastKnownFileType = file.storyboard; name = Base; path = Base.lproj/LaunchScreen.storyboard; sourceTree = "<group>"; };
		283694042BA1C78D001D417E /* Info.plist */ = {isa = PBXFileReference; lastKnownFileType = text.plist.xml; path = Info.plist; sourceTree = "<group>"; };
		283694122BA1CE9E001D417E /* LoginViewController.swift */ = {isa = PBXFileReference; lastKnownFileType = sourcecode.swift; path = LoginViewController.swift; sourceTree = "<group>"; };
		283694142BA1D017001D417E /* RegisterViewController.swift */ = {isa = PBXFileReference; lastKnownFileType = sourcecode.swift; path = RegisterViewController.swift; sourceTree = "<group>"; };
		283694172BA2A341001D417E /* Views.swift */ = {isa = PBXFileReference; fileEncoding = 4; lastKnownFileType = sourcecode.swift; path = Views.swift; sourceTree = "<group>"; };
		283694192BA2B815001D417E /* Buttons.swift */ = {isa = PBXFileReference; lastKnownFileType = sourcecode.swift; path = Buttons.swift; sourceTree = "<group>"; };
		2836941B2BA2C0C8001D417E /* LoginViewModel.swift */ = {isa = PBXFileReference; lastKnownFileType = sourcecode.swift; path = LoginViewModel.swift; sourceTree = "<group>"; };
/* End PBXFileReference section */

/* Begin PBXFrameworksBuildPhase section */
		283693F02BA1C78A001D417E /* Frameworks */ = {
			isa = PBXFrameworksBuildPhase;
			buildActionMask = 2147483647;
			files = (
			);
			runOnlyForDeploymentPostprocessing = 0;
		};
/* End PBXFrameworksBuildPhase section */

/* Begin PBXGroup section */
		283693EA2BA1C78A001D417E = {
			isa = PBXGroup;
			children = (
				283693F52BA1C78A001D417E /* RelayMessenger */,
				283693F42BA1C78A001D417E /* Products */,
			);
			sourceTree = "<group>";
		};
		283693F42BA1C78A001D417E /* Products */ = {
			isa = PBXGroup;
			children = (
				283693F32BA1C78A001D417E /* RelayMessenger.app */,
			);
			name = Products;
			sourceTree = "<group>";
		};
		283693F52BA1C78A001D417E /* RelayMessenger */ = {
			isa = PBXGroup;
			children = (
				2836940C2BA1C7D4001D417E /* Shared Files */,
				2836940B2BA1C7B7001D417E /* Module */,
				2836940A2BA1C79C001D417E /* Support */,
			);
			path = RelayMessenger;
			sourceTree = "<group>";
		};
		2836940A2BA1C79C001D417E /* Support */ = {
			isa = PBXGroup;
			children = (
				283693F62BA1C78A001D417E /* AppDelegate.swift */,
				283693F82BA1C78A001D417E /* SceneDelegate.swift */,
				283693FA2BA1C78A001D417E /* ViewController.swift */,
				283693FC2BA1C78A001D417E /* Main.storyboard */,
				283693FF2BA1C78D001D417E /* Assets.xcassets */,
				283694012BA1C78D001D417E /* LaunchScreen.storyboard */,
				283694042BA1C78D001D417E /* Info.plist */,
			);
			path = Support;
			sourceTree = "<group>";
		};
		2836940B2BA1C7B7001D417E /* Module */ = {
			isa = PBXGroup;
			children = (
				283694112BA1C7FD001D417E /* Model */,
				283694102BA1C7F9001D417E /* View */,
				2836940F2BA1C7F0001D417E /* ViewModel */,
				2836940E2BA1C7E4001D417E /* Controller */,
				2836940D2BA1C7DD001D417E /* API */,
			);
			path = Module;
			sourceTree = "<group>";
		};
		2836940C2BA1C7D4001D417E /* Shared Files */ = {
			isa = PBXGroup;
			children = (
				283694162BA2A2FA001D417E /* Extensions */,
			);
			path = "Shared Files";
			sourceTree = "<group>";
		};
		2836940D2BA1C7DD001D417E /* API */ = {
			isa = PBXGroup;
			children = (
			);
			path = API;
			sourceTree = "<group>";
		};
		2836940E2BA1C7E4001D417E /* Controller */ = {
			isa = PBXGroup;
			children = (
				283694122BA1CE9E001D417E /* LoginViewController.swift */,
				283694142BA1D017001D417E /* RegisterViewController.swift */,
			);
			path = Controller;
			sourceTree = "<group>";
		};
		2836940F2BA1C7F0001D417E /* ViewModel */ = {
			isa = PBXGroup;
			children = (
				2836941B2BA2C0C8001D417E /* LoginViewModel.swift */,
			);
			path = ViewModel;
			sourceTree = "<group>";
		};
		283694102BA1C7F9001D417E /* View */ = {
			isa = PBXGroup;
			children = (
			);
			path = View;
			sourceTree = "<group>";
		};
		283694112BA1C7FD001D417E /* Model */ = {
			isa = PBXGroup;
			children = (
			);
			path = Model;
			sourceTree = "<group>";
		};
		283694162BA2A2FA001D417E /* Extensions */ = {
			isa = PBXGroup;
			children = (
				283694172BA2A341001D417E /* Views.swift */,
				283694192BA2B815001D417E /* Buttons.swift */,
			);
			path = Extensions;
			sourceTree = "<group>";
		};
/* End PBXGroup section */

/* Begin PBXNativeTarget section */
		283693F22BA1C78A001D417E /* RelayMessenger */ = {
			isa = PBXNativeTarget;
			buildConfigurationList = 283694072BA1C78D001D417E /* Build configuration list for PBXNativeTarget "RelayMessenger" */;
			buildPhases = (
				283693EF2BA1C78A001D417E /* Sources */,
				283693F02BA1C78A001D417E /* Frameworks */,
				283693F12BA1C78A001D417E /* Resources */,
			);
			buildRules = (
			);
			dependencies = (
			);
			name = RelayMessenger;
			productName = RelayMessenger;
			productReference = 283693F32BA1C78A001D417E /* RelayMessenger.app */;
			productType = "com.apple.product-type.application";
		};
/* End PBXNativeTarget section */

/* Begin PBXProject section */
		283693EB2BA1C78A001D417E /* Project object */ = {
			isa = PBXProject;
			attributes = {
				BuildIndependentTargetsInParallel = 1;
				LastSwiftUpdateCheck = 1520;
				LastUpgradeCheck = 1520;
				TargetAttributes = {
					283693F22BA1C78A001D417E = {
						CreatedOnToolsVersion = 15.2;
					};
				};
			};
			buildConfigurationList = 283693EE2BA1C78A001D417E /* Build configuration list for PBXProject "RelayMessenger" */;
			compatibilityVersion = "Xcode 14.0";
			developmentRegion = en;
			hasScannedForEncodings = 0;
			knownRegions = (
				en,
				Base,
			);
			mainGroup = 283693EA2BA1C78A001D417E;
			productRefGroup = 283693F42BA1C78A001D417E /* Products */;
			projectDirPath = "";
			projectRoot = "";
			targets = (
				283693F22BA1C78A001D417E /* RelayMessenger */,
			);
		};
/* End PBXProject section */

/* Begin PBXResourcesBuildPhase section */
		283693F12BA1C78A001D417E /* Resources */ = {
			isa = PBXResourcesBuildPhase;
			buildActionMask = 2147483647;
			files = (
				283694032BA1C78D001D417E /* LaunchScreen.storyboard in Resources */,
				283694002BA1C78D001D417E /* Assets.xcassets in Resources */,
				283693FE2BA1C78A001D417E /* Main.storyboard in Resources */,
			);
			runOnlyForDeploymentPostprocessing = 0;
		};
/* End PBXResourcesBuildPhase section */

/* Begin PBXSourcesBuildPhase section */
		283693EF2BA1C78A001D417E /* Sources */ = {
			isa = PBXSourcesBuildPhase;
			buildActionMask = 2147483647;
			files = (
				2836941A2BA2B815001D417E /* Buttons.swift in Sources */,
				283694132BA1CE9E001D417E /* LoginViewController.swift in Sources */,
				283694152BA1D017001D417E /* RegisterViewController.swift in Sources */,
				283694182BA2A341001D417E /* Views.swift in Sources */,
				2836941C2BA2C0C8001D417E /* LoginViewModel.swift in Sources */,
				283693FB2BA1C78A001D417E /* ViewController.swift in Sources */,
				283693F72BA1C78A001D417E /* AppDelegate.swift in Sources */,
				283693F92BA1C78A001D417E /* SceneDelegate.swift in Sources */,
			);
			runOnlyForDeploymentPostprocessing = 0;
		};
/* End PBXSourcesBuildPhase section */

/* Begin PBXVariantGroup section */
		283693FC2BA1C78A001D417E /* Main.storyboard */ = {
			isa = PBXVariantGroup;
			children = (
				283693FD2BA1C78A001D417E /* Base */,
			);
			name = Main.storyboard;
			sourceTree = "<group>";
		};
		283694012BA1C78D001D417E /* LaunchScreen.storyboard */ = {
			isa = PBXVariantGroup;
			children = (
				283694022BA1C78D001D417E /* Base */,
			);
			name = LaunchScreen.storyboard;
			sourceTree = "<group>";
		};
/* End PBXVariantGroup section */

/* Begin XCBuildConfiguration section */
		283694052BA1C78D001D417E /* Debug */ = {
			isa = XCBuildConfiguration;
			buildSettings = {
				ALWAYS_SEARCH_USER_PATHS = NO;
				ASSETCATALOG_COMPILER_GENERATE_SWIFT_ASSET_SYMBOL_EXTENSIONS = YES;
				CLANG_ANALYZER_NONNULL = YES;
				CLANG_ANALYZER_NUMBER_OBJECT_CONVERSION = YES_AGGRESSIVE;
				CLANG_CXX_LANGUAGE_STANDARD = "gnu++20";
				CLANG_ENABLE_MODULES = YES;
				CLANG_ENABLE_OBJC_ARC = YES;
				CLANG_ENABLE_OBJC_WEAK = YES;
				CLANG_WARN_BLOCK_CAPTURE_AUTORELEASING = YES;
				CLANG_WARN_BOOL_CONVERSION = YES;
				CLANG_WARN_COMMA = YES;
				CLANG_WARN_CONSTANT_CONVERSION = YES;
				CLANG_WARN_DEPRECATED_OBJC_IMPLEMENTATIONS = YES;
				CLANG_WARN_DIRECT_OBJC_ISA_USAGE = YES_ERROR;
				CLANG_WARN_DOCUMENTATION_COMMENTS = YES;
				CLANG_WARN_EMPTY_BODY = YES;
				CLANG_WARN_ENUM_CONVERSION = YES;
				CLANG_WARN_INFINITE_RECURSION = YES;
				CLANG_WARN_INT_CONVERSION = YES;
				CLANG_WARN_NON_LITERAL_NULL_CONVERSION = YES;
				CLANG_WARN_OBJC_IMPLICIT_RETAIN_SELF = YES;
				CLANG_WARN_OBJC_LITERAL_CONVERSION = YES;
				CLANG_WARN_OBJC_ROOT_CLASS = YES_ERROR;
				CLANG_WARN_QUOTED_INCLUDE_IN_FRAMEWORK_HEADER = YES;
				CLANG_WARN_RANGE_LOOP_ANALYSIS = YES;
				CLANG_WARN_STRICT_PROTOTYPES = YES;
				CLANG_WARN_SUSPICIOUS_MOVE = YES;
				CLANG_WARN_UNGUARDED_AVAILABILITY = YES_AGGRESSIVE;
				CLANG_WARN_UNREACHABLE_CODE = YES;
				CLANG_WARN__DUPLICATE_METHOD_MATCH = YES;
				COPY_PHASE_STRIP = NO;
				DEBUG_INFORMATION_FORMAT = dwarf;
				ENABLE_STRICT_OBJC_MSGSEND = YES;
				ENABLE_TESTABILITY = YES;
				ENABLE_USER_SCRIPT_SANDBOXING = YES;
				GCC_C_LANGUAGE_STANDARD = gnu17;
				GCC_DYNAMIC_NO_PIC = NO;
				GCC_NO_COMMON_BLOCKS = YES;
				GCC_OPTIMIZATION_LEVEL = 0;
				GCC_PREPROCESSOR_DEFINITIONS = (
					"DEBUG=1",
					"$(inherited)",
				);
				GCC_WARN_64_TO_32_BIT_CONVERSION = YES;
				GCC_WARN_ABOUT_RETURN_TYPE = YES_ERROR;
				GCC_WARN_UNDECLARED_SELECTOR = YES;
				GCC_WARN_UNINITIALIZED_AUTOS = YES_AGGRESSIVE;
				GCC_WARN_UNUSED_FUNCTION = YES;
				GCC_WARN_UNUSED_VARIABLE = YES;
				IPHONEOS_DEPLOYMENT_TARGET = 17.2;
				LOCALIZATION_PREFERS_STRING_CATALOGS = YES;
				MTL_ENABLE_DEBUG_INFO = INCLUDE_SOURCE;
				MTL_FAST_MATH = YES;
				ONLY_ACTIVE_ARCH = YES;
				SDKROOT = iphoneos;
				SWIFT_ACTIVE_COMPILATION_CONDITIONS = "DEBUG $(inherited)";
				SWIFT_OPTIMIZATION_LEVEL = "-Onone";
			};
			name = Debug;
		};
		283694062BA1C78D001D417E /* Release */ = {
			isa = XCBuildConfiguration;
			buildSettings = {
				ALWAYS_SEARCH_USER_PATHS = NO;
				ASSETCATALOG_COMPILER_GENERATE_SWIFT_ASSET_SYMBOL_EXTENSIONS = YES;
				CLANG_ANALYZER_NONNULL = YES;
				CLANG_ANALYZER_NUMBER_OBJECT_CONVERSION = YES_AGGRESSIVE;
				CLANG_CXX_LANGUAGE_STANDARD = "gnu++20";
				CLANG_ENABLE_MODULES = YES;
				CLANG_ENABLE_OBJC_ARC = YES;
				CLANG_ENABLE_OBJC_WEAK = YES;
				CLANG_WARN_BLOCK_CAPTURE_AUTORELEASING = YES;
				CLANG_WARN_BOOL_CONVERSION = YES;
				CLANG_WARN_COMMA = YES;
				CLANG_WARN_CONSTANT_CONVERSION = YES;
				CLANG_WARN_DEPRECATED_OBJC_IMPLEMENTATIONS = YES;
				CLANG_WARN_DIRECT_OBJC_ISA_USAGE = YES_ERROR;
				CLANG_WARN_DOCUMENTATION_COMMENTS = YES;
				CLANG_WARN_EMPTY_BODY = YES;
				CLANG_WARN_ENUM_CONVERSION = YES;
				CLANG_WARN_INFINITE_RECURSION = YES;
				CLANG_WARN_INT_CONVERSION = YES;
				CLANG_WARN_NON_LITERAL_NULL_CONVERSION = YES;
				CLANG_WARN_OBJC_IMPLICIT_RETAIN_SELF = YES;
				CLANG_WARN_OBJC_LITERAL_CONVERSION = YES;
				CLANG_WARN_OBJC_ROOT_CLASS = YES_ERROR;
				CLANG_WARN_QUOTED_INCLUDE_IN_FRAMEWORK_HEADER = YES;
				CLANG_WARN_RANGE_LOOP_ANALYSIS = YES;
				CLANG_WARN_STRICT_PROTOTYPES = YES;
				CLANG_WARN_SUSPICIOUS_MOVE = YES;
				CLANG_WARN_UNGUARDED_AVAILABILITY = YES_AGGRESSIVE;
				CLANG_WARN_UNREACHABLE_CODE = YES;
				CLANG_WARN__DUPLICATE_METHOD_MATCH = YES;
				COPY_PHASE_STRIP = NO;
				DEBUG_INFORMATION_FORMAT = "dwarf-with-dsym";
				ENABLE_NS_ASSERTIONS = NO;
				ENABLE_STRICT_OBJC_MSGSEND = YES;
				ENABLE_USER_SCRIPT_SANDBOXING = YES;
				GCC_C_LANGUAGE_STANDARD = gnu17;
				GCC_NO_COMMON_BLOCKS = YES;
				GCC_WARN_64_TO_32_BIT_CONVERSION = YES;
				GCC_WARN_ABOUT_RETURN_TYPE = YES_ERROR;
				GCC_WARN_UNDECLARED_SELECTOR = YES;
				GCC_WARN_UNINITIALIZED_AUTOS = YES_AGGRESSIVE;
				GCC_WARN_UNUSED_FUNCTION = YES;
				GCC_WARN_UNUSED_VARIABLE = YES;
				IPHONEOS_DEPLOYMENT_TARGET = 17.2;
				LOCALIZATION_PREFERS_STRING_CATALOGS = YES;
				MTL_ENABLE_DEBUG_INFO = NO;
				MTL_FAST_MATH = YES;
				SDKROOT = iphoneos;
				SWIFT_COMPILATION_MODE = wholemodule;
				VALIDATE_PRODUCT = YES;
			};
			name = Release;
		};
		283694082BA1C78D001D417E /* Debug */ = {
			isa = XCBuildConfiguration;
			buildSettings = {
				ASSETCATALOG_COMPILER_APPICON_NAME = AppIcon;
				ASSETCATALOG_COMPILER_GLOBAL_ACCENT_COLOR_NAME = AccentColor;
				CODE_SIGN_STYLE = Automatic;
				CURRENT_PROJECT_VERSION = 1;
				DEVELOPMENT_TEAM = W67H4LNHQ4;
				GENERATE_INFOPLIST_FILE = YES;
				INFOPLIST_FILE = RelayMessenger/Support/Info.plist;
				INFOPLIST_KEY_UIApplicationSupportsIndirectInputEvents = YES;
				INFOPLIST_KEY_UILaunchStoryboardName = LaunchScreen;
				INFOPLIST_KEY_UIMainStoryboardFile = Main;
				INFOPLIST_KEY_UISupportedInterfaceOrientations_iPad = "UIInterfaceOrientationPortrait UIInterfaceOrientationPortraitUpsideDown UIInterfaceOrientationLandscapeLeft UIInterfaceOrientationLandscapeRight";
				INFOPLIST_KEY_UISupportedInterfaceOrientations_iPhone = "UIInterfaceOrientationPortrait UIInterfaceOrientationLandscapeLeft UIInterfaceOrientationLandscapeRight";
				LD_RUNPATH_SEARCH_PATHS = (
					"$(inherited)",
					"@executable_path/Frameworks",
				);
				MARKETING_VERSION = 1.0;
				PRODUCT_BUNDLE_IDENTIFIER = jjmr.RelayMessenger;
				PRODUCT_NAME = "$(TARGET_NAME)";
				SWIFT_EMIT_LOC_STRINGS = YES;
				SWIFT_VERSION = 5.0;
				TARGETED_DEVICE_FAMILY = "1,2";
			};
			name = Debug;
		};
		283694092BA1C78D001D417E /* Release */ = {
			isa = XCBuildConfiguration;
			buildSettings = {
				ASSETCATALOG_COMPILER_APPICON_NAME = AppIcon;
				ASSETCATALOG_COMPILER_GLOBAL_ACCENT_COLOR_NAME = AccentColor;
				CODE_SIGN_STYLE = Automatic;
				CURRENT_PROJECT_VERSION = 1;
				DEVELOPMENT_TEAM = W67H4LNHQ4;
				GENERATE_INFOPLIST_FILE = YES;
				INFOPLIST_FILE = RelayMessenger/Support/Info.plist;
				INFOPLIST_KEY_UIApplicationSupportsIndirectInputEvents = YES;
				INFOPLIST_KEY_UILaunchStoryboardName = LaunchScreen;
				INFOPLIST_KEY_UIMainStoryboardFile = Main;
				INFOPLIST_KEY_UISupportedInterfaceOrientations_iPad = "UIInterfaceOrientationPortrait UIInterfaceOrientationPortraitUpsideDown UIInterfaceOrientationLandscapeLeft UIInterfaceOrientationLandscapeRight";
				INFOPLIST_KEY_UISupportedInterfaceOrientations_iPhone = "UIInterfaceOrientationPortrait UIInterfaceOrientationLandscapeLeft UIInterfaceOrientationLandscapeRight";
				LD_RUNPATH_SEARCH_PATHS = (
					"$(inherited)",
					"@executable_path/Frameworks",
				);
				MARKETING_VERSION = 1.0;
				PRODUCT_BUNDLE_IDENTIFIER = jjmr.RelayMessenger;
				PRODUCT_NAME = "$(TARGET_NAME)";
				SWIFT_EMIT_LOC_STRINGS = YES;
				SWIFT_VERSION = 5.0;
				TARGETED_DEVICE_FAMILY = "1,2";
			};
			name = Release;
		};
/* End XCBuildConfiguration section */

/* Begin XCConfigurationList section */
		283693EE2BA1C78A001D417E /* Build configuration list for PBXProject "RelayMessenger" */ = {
			isa = XCConfigurationList;
			buildConfigurations = (
				283694052BA1C78D001D417E /* Debug */,
				283694062BA1C78D001D417E /* Release */,
			);
			defaultConfigurationIsVisible = 0;
			defaultConfigurationName = Release;
		};
		283694072BA1C78D001D417E /* Build configuration list for PBXNativeTarget "RelayMessenger" */ = {
			isa = XCConfigurationList;
			buildConfigurations = (
				283694082BA1C78D001D417E /* Debug */,
				283694092BA1C78D001D417E /* Release */,
			);
			defaultConfigurationIsVisible = 0;
			defaultConfigurationName = Release;
		};
/* End XCConfigurationList section */
	};
	rootObject = 283693EB2BA1C78A001D417E /* Project object */;
}
